
Microsoft Visual Studio Solution File, Format Version 12.00
# Visual Studio Version 16
VisualStudioVersion = 16.0.31005.135
MinimumVisualStudioVersion = 10.0.40219.1
Project("{FAE04EC0-301F-11D3-BF4B-00C04F79EFBC}") = "Calcular-Pulsaciones (EjercicioDos)", "Calcular-Pulsaciones (EjercicioDos)\Calcular-Pulsaciones (EjercicioDos).csproj", "{6F886885-47D4-4C24-BF00-7C6C9EC9DF42}"
EndProject
Global
	GlobalSection(SolutionConfigurationPlatforms) = preSolution
		Debug|Any CPU = Debug|Any CPU
		Release|Any CPU = Release|Any CPU
	EndGlobalSection
	GlobalSection(ProjectConfigurationPlatforms) = postSolution
		{6F886885-47D4-4C24-BF00-7C6C9EC9DF42}.Debug|Any CPU.ActiveCfg = Debug|Any CPU
		{6F886885-47D4-4C24-BF00-7C6C9EC9DF42}.Debug|Any CPU.Build.0 = Debug|Any CPU
		{6F886885-47D4-4C24-BF00-7C6C9EC9DF42}.Release|Any CPU.ActiveCfg = Release|Any CPU
		{6F886885-47D4-4C24-BF00-7C6C9EC9DF42}.Release|Any CPU.Build.0 = Release|Any CPU
	EndGlobalSection
	GlobalSection(SolutionProperties) = preSolution
		HideSolutionNode = FALSE
	EndGlobalSection
	GlobalSection(ExtensibilityGlobals) = postSolution
		SolutionGuid = {8661AEBE-DE54-472B-A3BA-CB7E909D03DF}
	EndGlobalSection
EndGlobal
